
Microsoft Visual Studio Solution File, Format Version 12.00
# Visual Studio 15
VisualStudioVersion = 15.0.28010.2050
MinimumVisualStudioVersion = 10.0.40219.1
Project("{FAE04EC0-301F-11D3-BF4B-00C04F79EFBC}") = "SharpReg", "SharpBox\SharpReg.csproj", "{5B14AA29-B0AB-4A70-8E25-6533D6E84679}"
EndProject
Project("{FAE04EC0-301F-11D3-BF4B-00C04F79EFBC}") = "ScheduledTasks", "..\ScheduledTasks\ScheduledTasks\ScheduledTasks.csproj", "{768ECE4C-1B56-482C-B7A8-3B89AB01CA8D}"
EndProject
Project("{FAE04EC0-301F-11D3-BF4B-00C04F79EFBC}") = "pagegrab", "..\pagegrab\pagegrab\pagegrab.csproj", "{433E58CD-AB48-46DE-ADCE-347792CDEB3C}"
EndProject
Project("{FAE04EC0-301F-11D3-BF4B-00C04F79EFBC}") = "sc", "sc\sc.csproj", "{60323ADC-51CB-4F8C-9B82-5D5336A78EBB}"
EndProject
Project("{FAE04EC0-301F-11D3-BF4B-00C04F79EFBC}") = "Dir", "Dir\Dir.csproj", "{0C900A76-DC94-470D-85A8-0B31AA405ADF}"
EndProject
Global
	GlobalSection(SolutionConfigurationPlatforms) = preSolution
		Debug|Any CPU = Debug|Any CPU
		Release|Any CPU = Release|Any CPU
	EndGlobalSection
	GlobalSection(ProjectConfigurationPlatforms) = postSolution
		{5B14AA29-B0AB-4A70-8E25-6533D6E84679}.Debug|Any CPU.ActiveCfg = Debug|Any CPU
		{5B14AA29-B0AB-4A70-8E25-6533D6E84679}.Debug|Any CPU.Build.0 = Debug|Any CPU
		{5B14AA29-B0AB-4A70-8E25-6533D6E84679}.Release|Any CPU.ActiveCfg = Release|Any CPU
		{5B14AA29-B0AB-4A70-8E25-6533D6E84679}.Release|Any CPU.Build.0 = Release|Any CPU
		{768ECE4C-1B56-482C-B7A8-3B89AB01CA8D}.Debug|Any CPU.ActiveCfg = Debug|Any CPU
		{768ECE4C-1B56-482C-B7A8-3B89AB01CA8D}.Debug|Any CPU.Build.0 = Debug|Any CPU
		{768ECE4C-1B56-482C-B7A8-3B89AB01CA8D}.Release|Any CPU.ActiveCfg = Release|Any CPU
		{768ECE4C-1B56-482C-B7A8-3B89AB01CA8D}.Release|Any CPU.Build.0 = Release|Any CPU
		{433E58CD-AB48-46DE-ADCE-347792CDEB3C}.Debug|Any CPU.ActiveCfg = Debug|Any CPU
		{433E58CD-AB48-46DE-ADCE-347792CDEB3C}.Debug|Any CPU.Build.0 = Debug|Any CPU
		{433E58CD-AB48-46DE-ADCE-347792CDEB3C}.Release|Any CPU.ActiveCfg = Release|Any CPU
		{433E58CD-AB48-46DE-ADCE-347792CDEB3C}.Release|Any CPU.Build.0 = Release|Any CPU
		{60323ADC-51CB-4F8C-9B82-5D5336A78EBB}.Debug|Any CPU.ActiveCfg = Debug|Any CPU
		{60323ADC-51CB-4F8C-9B82-5D5336A78EBB}.Debug|Any CPU.Build.0 = Debug|Any CPU
		{60323ADC-51CB-4F8C-9B82-5D5336A78EBB}.Release|Any CPU.ActiveCfg = Release|Any CPU
		{60323ADC-51CB-4F8C-9B82-5D5336A78EBB}.Release|Any CPU.Build.0 = Release|Any CPU
		{0C900A76-DC94-470D-85A8-0B31AA405ADF}.Debug|Any CPU.ActiveCfg = Debug|Any CPU
		{0C900A76-DC94-470D-85A8-0B31AA405ADF}.Debug|Any CPU.Build.0 = Debug|Any CPU
		{0C900A76-DC94-470D-85A8-0B31AA405ADF}.Release|Any CPU.ActiveCfg = Release|Any CPU
		{0C900A76-DC94-470D-85A8-0B31AA405ADF}.Release|Any CPU.Build.0 = Release|Any CPU
	EndGlobalSection
	GlobalSection(SolutionProperties) = preSolution
		HideSolutionNode = FALSE
	EndGlobalSection
	GlobalSection(ExtensibilityGlobals) = postSolution
		SolutionGuid = {8A1F430C-3D41-471A-96C0-74C078E23296}
	EndGlobalSection
EndGlobal
